github.com/M-Quadra/kazaana v1.0.0 h1:R7lh/DMhpLhqvdG1B0gtWuhFmsCI+YNv0kT99IhW0d8=
github.com/M-Quadra/kazaana v1.0.0/go.mod h1:ZdVZObj9i33F00FCTOUjqIAXUD8eF+LH1pN2DG9JLWA=
github.com/M-Quadra/kazaana v1.1.1 h1:xgOIsvRAD/ZHRtS2Krw+eA6LYm3PvLDG5J1Bo2dfkoU=
github.com/M-Quadra/kazaana v1.1.1/go.mod h1:ZdVZObj9i33F00FCTOUjqIAXUD8eF+LH1pN2DG9JLWA=
